<?xml version="1.0" encoding="utf-8"?>
<Project ToolsVersion="4.0" xmlns="http://schemas.microsoft.com/developer/msbuild/2003">
  <ItemGroup>
    <Filter Include="Source Files">
      <UniqueIdentifier>{4FC737F1-C7A5-4376-A066-2A32D752A2FF}</UniqueIdentifier>
      <Extensions>cpp;c;cc;cxx;def;odl;idl;hpj;bat;asm;asmx</Extensions>
    </Filter>
    <Filter Include="Header Files">
      <UniqueIdentifier>{93995380-89BD-4b04-88EB-625FBE52EBFB}</UniqueIdentifier>
      <Extensions>h;hh;hpp;hxx;hm;inl;inc;ipp;xsd</Extensions>
    </Filter>
    <Filter Include="Resource Files">
      <UniqueIdentifier>{67DA6AB6-F800-4c08-8B7A-83BB121AAD01}</UniqueIdentifier>
      <Extensions>rc;ico;cur;bmp;dlg;rc2;rct;bin;rgs;gif;jpg;jpeg;jpe;resx;tiff;tif;png;wav;mfcribbon-ms</Extensions>
    </Filter>
    <Filter Include="include">
      <UniqueIdentifier>{643fcb40-1fd3-45db-8a13-b33fe76c9582}</UniqueIdentifier>
    </Filter>
    <Filter Include="src">
      <UniqueIdentifier>{397b6f1d-b13c-4d9f-a936-dc40a5a10353}</UniqueIdentifier>
    </Filter>
    <Filter Include="include\json">
      <UniqueIdentifier>{57bc018d-41fd-4249-ac05-86cc05f8ecb4}</UniqueIdentifier>
    </Filter>
  </ItemGroup>
  <ItemGroup>
    <ClCompile Include="..\src\json.c">
      <Filter>src</Filter>
    </ClCompile>
    <ClCompile Include="..\src\dllmain.c">
      <Filter>src</Filter>
    </ClCompile>
  </ItemGroup>
  <ItemGroup>
    <ClInclude Include="..\src\mem.h">
      <Filter>src</Filter>
    </ClInclude>
    <ClInclude Include="..\include\json\common.h">
      <Filter>include\json</Filter>
    </ClInclude>
    <ClInclude Include="..\include\json\json.h">
      <Filter>include\json</Filter>
    </ClInclude>
    <ClInclude Include="..\include\json\print.h">
      <Filter>include\json</Filter>
    </ClInclude>
    <ClInclude Include="..\include\json\util.h">
      <Filter>include\json</Filter>
    </ClInclude>
    <ClInclude Include="..\include\json\version.h">
      <Filter>include\json</Filter>
    </ClInclude>
  </ItemGroup>
</Project>